# This file is automatically @generated by Cargo.
# It is not intended for manual editing.
version = 4

[[package]]
name = "add"
version = "0.1.0"
dependencies = [
 "wit-bindgen-rt",
]

[[package]]
name = "bitflags"
version = "2.9.0"
source = "registry+https://github.com/rust-lang/crates.io-index"
checksum = "5c8214115b7bf84099f1309324e63141d4c5d7cc26862f97a0a857dbefe165bd"

[[package]]
name = "wit-bindgen-rt"
version = "0.41.0"
source = "registry+https://github.com/rust-lang/crates.io-index"
checksum = "c4db52a11d4dfb0a59f194c064055794ee6564eb1ced88c25da2cf76e50c5621"
dependencies = [
 "bitflags",
]
